
Microsoft Visual Studio Solution File, Format Version 12.00
# Visual Studio 14
VisualStudioVersion = 14.0.25420.1
MinimumVisualStudioVersion = 10.0.40219.1
Project("{FAE04EC0-301F-11D3-BF4B-00C04F79EFBC}") = "SES_Existencias", "SES_Existencias.csproj", "{9120CC2D-3109-414E-B325-630C3C5C063D}"
EndProject
Global
	GlobalSection(SolutionConfigurationPlatforms) = preSolution
		Debug|Any CPU = Debug|Any CPU
		Release|Any CPU = Release|Any CPU
	EndGlobalSection
	GlobalSection(ProjectConfigurationPlatforms) = postSolution
		{9120CC2D-3109-414E-B325-630C3C5C063D}.Debug|Any CPU.ActiveCfg = Debug|Any CPU
		{9120CC2D-3109-414E-B325-630C3C5C063D}.Debug|Any CPU.Build.0 = Debug|Any CPU
		{9120CC2D-3109-414E-B325-630C3C5C063D}.Release|Any CPU.ActiveCfg = Release|Any CPU
		{9120CC2D-3109-414E-B325-630C3C5C063D}.Release|Any CPU.Build.0 = Release|Any CPU
	EndGlobalSection
	GlobalSection(SolutionProperties) = preSolution
		HideSolutionNode = FALSE
	EndGlobalSection
EndGlobal
